
Microsoft Visual Studio Solution File, Format Version 12.00
# Visual Studio Version 16
VisualStudioVersion = 16.0.32126.315
MinimumVisualStudioVersion = 10.0.40219.1
Project("{8BC9CEB8-8B4A-11D0-8D11-00A0C91BC942}") = "001_hello_world", "001_hello_world\001_hello_world.vcxproj", "{6E59BC6C-93BE-42F4-9289-C67D3914C22D}"
EndProject
Project("{8BC9CEB8-8B4A-11D0-8D11-00A0C91BC942}") = "test_console", "test_console\test_console.vcxproj", "{44759DC5-AF65-4BF0-83C0-2BA90410CF36}"
EndProject
Project("{2150E333-8FDC-42A3-9474-1A3956D46DE8}") = "01-Qt基本架构", "01-Qt基本架构", "{345964C7-1DE8-4128-9501-330B640C120D}"
EndProject
Project("{2150E333-8FDC-42A3-9474-1A3956D46DE8}") = "02-Qt常用类与容器", "02-Qt常用类与容器", "{67E752F3-8CAB-473D-A5D9-A308C94AA8A2}"
EndProject
Project("{2150E333-8FDC-42A3-9474-1A3956D46DE8}") = "03-Qt界面布局与基本控件", "03-Qt界面布局与基本控件", "{DDE86A6E-4C24-47DB-BADA-A8579AFC6D0A}"
EndProject
Project("{8BC9CEB8-8B4A-11D0-8D11-00A0C91BC942}") = "001_qt_work_yuanli", "001_qt_work_yuanli\001_qt_work_yuanli.vcxproj", "{1592F743-C6D2-4CD1-B7A6-251760CDD238}"
EndProject
Project("{8BC9CEB8-8B4A-11D0-8D11-00A0C91BC942}") = "01Qstring", "01Qstring\01Qstring.vcxproj", "{DAD38961-69AB-4F0D-9CC7-7B06BD9C5CC8}"
EndProject
Project("{2150E333-8FDC-42A3-9474-1A3956D46DE8}") = "测试用程序", "测试用程序", "{0C75D503-8507-4CD6-8C5F-DC5FE64F0FCC}"
EndProject
Project("{8BC9CEB8-8B4A-11D0-8D11-00A0C91BC942}") = "02QVector", "02QVector\02QVector.vcxproj", "{AE5BD3BF-2921-45C8-B5E8-A5829F868FB8}"
EndProject
Project("{8BC9CEB8-8B4A-11D0-8D11-00A0C91BC942}") = "03QList", "03QList\03QList.vcxproj", "{777DFCE5-74C6-4CBE-B472-40D1C10F4777}"
EndProject
Project("{8BC9CEB8-8B4A-11D0-8D11-00A0C91BC942}") = "04qmap", "04qmap\04qmap.vcxproj", "{95383D6E-1829-4E45-999E-2613183D0B4F}"
EndProject
Project("{8BC9CEB8-8B4A-11D0-8D11-00A0C91BC942}") = "01Demo", "01Demo\01Demo.vcxproj", "{8EC39648-B5EF-47BC-BF9E-676A66754528}"
EndProject
Project("{8BC9CEB8-8B4A-11D0-8D11-00A0C91BC942}") = "02login", "02login\02login.vcxproj", "{6458F00D-28C4-407F-8E75-A6FC110D591A}"
EndProject
Project("{8BC9CEB8-8B4A-11D0-8D11-00A0C91BC942}") = "04_label_line_edit", "04_label_line_edit\04_label_line_edit.vcxproj", "{D352A95A-2FF4-48A7-8FC4-71DCDAD85F8D}"
EndProject
Project("{8BC9CEB8-8B4A-11D0-8D11-00A0C91BC942}") = "03_qbutton", "03_qbutton\03_qbutton.vcxproj", "{225B5FE3-98A7-4A7C-A175-5020950CC82E}"
EndProject
Project("{8BC9CEB8-8B4A-11D0-8D11-00A0C91BC942}") = "05_qcheckbox", "05_qcheckbox\05_qcheckbox.vcxproj", "{4548F56D-1EB0-4B76-A35E-F8B74CA9CA6A}"
EndProject
Project("{8BC9CEB8-8B4A-11D0-8D11-00A0C91BC942}") = "06_spinbox", "06_spinbox\06_spinbox.vcxproj", "{B3A6329A-5269-497B-8343-C883A86AE4CD}"
EndProject
Project("{8BC9CEB8-8B4A-11D0-8D11-00A0C91BC942}") = "07_combobox", "07_combobox\07_combobox.vcxproj", "{A4AC8EC2-9B03-447A-8E8C-AC3F1FB0DA17}"
EndProject
Project("{8BC9CEB8-8B4A-11D0-8D11-00A0C91BC942}") = "08_textedit_plaintextedit", "08_textedit_plaintextedit\08_textedit_plaintextedit.vcxproj", "{164B2EAB-14E6-4791-A444-83D5CA71F0A8}"
EndProject
Project("{8BC9CEB8-8B4A-11D0-8D11-00A0C91BC942}") = "09_scroll_bar", "09_scroll_bar\09_scroll_bar.vcxproj", "{EDCDF17D-3DE5-4CCA-BA23-01FD95831CDE}"
EndProject
Project("{8BC9CEB8-8B4A-11D0-8D11-00A0C91BC942}") = "10_process_bar", "10_process_bar\10_process_bar.vcxproj", "{B42B4799-4DCA-42DE-989A-7697363310A2}"
EndProject
Project("{8BC9CEB8-8B4A-11D0-8D11-00A0C91BC942}") = "11_slider", "11_slider\11_slider.vcxproj", "{AF5A325A-2C81-4D31-9327-13428AFEC253}"
EndProject
Project("{8BC9CEB8-8B4A-11D0-8D11-00A0C91BC942}") = "12_tabwidget", "12_tabwidget\12_tabwidget.vcxproj", "{63AE6744-114B-4E39-9BD0-949AFAFF5F6C}"
EndProject
Project("{8BC9CEB8-8B4A-11D0-8D11-00A0C91BC942}") = "13_list_widget_stackedWidget", "13_list_widget\13_list_widget.vcxproj", "{40E2C095-8134-44D9-BDA6-9FE4E4D46146}"
EndProject
Project("{8BC9CEB8-8B4A-11D0-8D11-00A0C91BC942}") = "14_opengl_widget", "14_opengl_widget\14_opengl_widget.vcxproj", "{8CFA3A5D-3305-4696-8821-67EF609B066C}"
EndProject
Project("{2150E333-8FDC-42A3-9474-1A3956D46DE8}") = "04-Qt菜单的使用", "04-Qt菜单的使用", "{32B1FD01-A506-49DC-B6BA-1F716B8538D0}"
EndProject
Project("{8BC9CEB8-8B4A-11D0-8D11-00A0C91BC942}") = "01_menu", "01_menu\01_menu.vcxproj", "{6952DB73-5B64-447B-BB29-9CFCBA251939}"
EndProject
Project("{8BC9CEB8-8B4A-11D0-8D11-00A0C91BC942}") = "02_toobar", "02_toobar\02_toobar.vcxproj", "{911B28F4-3CDF-4E30-AE0E-C6603F8563CA}"
EndProject
Project("{8BC9CEB8-8B4A-11D0-8D11-00A0C91BC942}") = "03_statusbar", "03_statusbar\03_statusbar.vcxproj", "{EA5CC1C1-7C7B-4059-B2F6-1A80E4961588}"
EndProject
Project("{8BC9CEB8-8B4A-11D0-8D11-00A0C91BC942}") = "04_right_menu", "04_right_menu\04_right_menu.vcxproj", "{BD62C582-431B-4112-9CAE-953D92B1CE55}"
EndProject
Global
	GlobalSection(SolutionConfigurationPlatforms) = preSolution
		Debug|x64 = Debug|x64
		Debug|x86 = Debug|x86
		Release|x64 = Release|x64
		Release|x86 = Release|x86
	EndGlobalSection
	GlobalSection(ProjectConfigurationPlatforms) = postSolution
		{6E59BC6C-93BE-42F4-9289-C67D3914C22D}.Debug|x64.ActiveCfg = Debug|Win32
		{6E59BC6C-93BE-42F4-9289-C67D3914C22D}.Debug|x86.ActiveCfg = Debug|Win32
		{6E59BC6C-93BE-42F4-9289-C67D3914C22D}.Debug|x86.Build.0 = Debug|Win32
		{6E59BC6C-93BE-42F4-9289-C67D3914C22D}.Release|x64.ActiveCfg = Release|Win32
		{6E59BC6C-93BE-42F4-9289-C67D3914C22D}.Release|x86.ActiveCfg = Release|Win32
		{6E59BC6C-93BE-42F4-9289-C67D3914C22D}.Release|x86.Build.0 = Release|Win32
		{44759DC5-AF65-4BF0-83C0-2BA90410CF36}.Debug|x64.ActiveCfg = Debug|x64
		{44759DC5-AF65-4BF0-83C0-2BA90410CF36}.Debug|x64.Build.0 = Debug|x64
		{44759DC5-AF65-4BF0-83C0-2BA90410CF36}.Debug|x86.ActiveCfg = Debug|Win32
		{44759DC5-AF65-4BF0-83C0-2BA90410CF36}.Debug|x86.Build.0 = Debug|Win32
		{44759DC5-AF65-4BF0-83C0-2BA90410CF36}.Release|x64.ActiveCfg = Release|x64
		{44759DC5-AF65-4BF0-83C0-2BA90410CF36}.Release|x64.Build.0 = Release|x64
		{44759DC5-AF65-4BF0-83C0-2BA90410CF36}.Release|x86.ActiveCfg = Release|Win32
		{44759DC5-AF65-4BF0-83C0-2BA90410CF36}.Release|x86.Build.0 = Release|Win32
		{1592F743-C6D2-4CD1-B7A6-251760CDD238}.Debug|x64.ActiveCfg = Debug|Win32
		{1592F743-C6D2-4CD1-B7A6-251760CDD238}.Debug|x86.ActiveCfg = Debug|Win32
		{1592F743-C6D2-4CD1-B7A6-251760CDD238}.Debug|x86.Build.0 = Debug|Win32
		{1592F743-C6D2-4CD1-B7A6-251760CDD238}.Release|x64.ActiveCfg = Release|Win32
		{1592F743-C6D2-4CD1-B7A6-251760CDD238}.Release|x86.ActiveCfg = Release|Win32
		{1592F743-C6D2-4CD1-B7A6-251760CDD238}.Release|x86.Build.0 = Release|Win32
		{DAD38961-69AB-4F0D-9CC7-7B06BD9C5CC8}.Debug|x64.ActiveCfg = Debug|Win32
		{DAD38961-69AB-4F0D-9CC7-7B06BD9C5CC8}.Debug|x86.ActiveCfg = Debug|Win32
		{DAD38961-69AB-4F0D-9CC7-7B06BD9C5CC8}.Debug|x86.Build.0 = Debug|Win32
		{DAD38961-69AB-4F0D-9CC7-7B06BD9C5CC8}.Release|x64.ActiveCfg = Release|Win32
		{DAD38961-69AB-4F0D-9CC7-7B06BD9C5CC8}.Release|x86.ActiveCfg = Release|Win32
		{DAD38961-69AB-4F0D-9CC7-7B06BD9C5CC8}.Release|x86.Build.0 = Release|Win32
		{AE5BD3BF-2921-45C8-B5E8-A5829F868FB8}.Debug|x64.ActiveCfg = Debug|Win32
		{AE5BD3BF-2921-45C8-B5E8-A5829F868FB8}.Debug|x86.ActiveCfg = Debug|Win32
		{AE5BD3BF-2921-45C8-B5E8-A5829F868FB8}.Debug|x86.Build.0 = Debug|Win32
		{AE5BD3BF-2921-45C8-B5E8-A5829F868FB8}.Release|x64.ActiveCfg = Release|Win32
		{AE5BD3BF-2921-45C8-B5E8-A5829F868FB8}.Release|x86.ActiveCfg = Release|Win32
		{AE5BD3BF-2921-45C8-B5E8-A5829F868FB8}.Release|x86.Build.0 = Release|Win32
		{777DFCE5-74C6-4CBE-B472-40D1C10F4777}.Debug|x64.ActiveCfg = Debug|Win32
		{777DFCE5-74C6-4CBE-B472-40D1C10F4777}.Debug|x86.ActiveCfg = Debug|Win32
		{777DFCE5-74C6-4CBE-B472-40D1C10F4777}.Debug|x86.Build.0 = Debug|Win32
		{777DFCE5-74C6-4CBE-B472-40D1C10F4777}.Release|x64.ActiveCfg = Release|Win32
		{777DFCE5-74C6-4CBE-B472-40D1C10F4777}.Release|x86.ActiveCfg = Release|Win32
		{777DFCE5-74C6-4CBE-B472-40D1C10F4777}.Release|x86.Build.0 = Release|Win32
		{95383D6E-1829-4E45-999E-2613183D0B4F}.Debug|x64.ActiveCfg = Debug|Win32
		{95383D6E-1829-4E45-999E-2613183D0B4F}.Debug|x86.ActiveCfg = Debug|Win32
		{95383D6E-1829-4E45-999E-2613183D0B4F}.Debug|x86.Build.0 = Debug|Win32
		{95383D6E-1829-4E45-999E-2613183D0B4F}.Release|x64.ActiveCfg = Release|Win32
		{95383D6E-1829-4E45-999E-2613183D0B4F}.Release|x86.ActiveCfg = Release|Win32
		{95383D6E-1829-4E45-999E-2613183D0B4F}.Release|x86.Build.0 = Release|Win32
		{8EC39648-B5EF-47BC-BF9E-676A66754528}.Debug|x64.ActiveCfg = Debug|Win32
		{8EC39648-B5EF-47BC-BF9E-676A66754528}.Debug|x86.ActiveCfg = Debug|Win32
		{8EC39648-B5EF-47BC-BF9E-676A66754528}.Debug|x86.Build.0 = Debug|Win32
		{8EC39648-B5EF-47BC-BF9E-676A66754528}.Release|x64.ActiveCfg = Release|Win32
		{8EC39648-B5EF-47BC-BF9E-676A66754528}.Release|x86.ActiveCfg = Release|Win32
		{8EC39648-B5EF-47BC-BF9E-676A66754528}.Release|x86.Build.0 = Release|Win32
		{6458F00D-28C4-407F-8E75-A6FC110D591A}.Debug|x64.ActiveCfg = Debug|Win32
		{6458F00D-28C4-407F-8E75-A6FC110D591A}.Debug|x86.ActiveCfg = Debug|Win32
		{6458F00D-28C4-407F-8E75-A6FC110D591A}.Debug|x86.Build.0 = Debug|Win32
		{6458F00D-28C4-407F-8E75-A6FC110D591A}.Release|x64.ActiveCfg = Release|Win32
		{6458F00D-28C4-407F-8E75-A6FC110D591A}.Release|x86.ActiveCfg = Release|Win32
		{6458F00D-28C4-407F-8E75-A6FC110D591A}.Release|x86.Build.0 = Release|Win32
		{D352A95A-2FF4-48A7-8FC4-71DCDAD85F8D}.Debug|x64.ActiveCfg = Debug|Win32
		{D352A95A-2FF4-48A7-8FC4-71DCDAD85F8D}.Debug|x86.ActiveCfg = Debug|Win32
		{D352A95A-2FF4-48A7-8FC4-71DCDAD85F8D}.Debug|x86.Build.0 = Debug|Win32
		{D352A95A-2FF4-48A7-8FC4-71DCDAD85F8D}.Release|x64.ActiveCfg = Release|Win32
		{D352A95A-2FF4-48A7-8FC4-71DCDAD85F8D}.Release|x86.ActiveCfg = Release|Win32
		{D352A95A-2FF4-48A7-8FC4-71DCDAD85F8D}.Release|x86.Build.0 = Release|Win32
		{225B5FE3-98A7-4A7C-A175-5020950CC82E}.Debug|x64.ActiveCfg = Debug|Win32
		{225B5FE3-98A7-4A7C-A175-5020950CC82E}.Debug|x86.ActiveCfg = Debug|Win32
		{225B5FE3-98A7-4A7C-A175-5020950CC82E}.Debug|x86.Build.0 = Debug|Win32
		{225B5FE3-98A7-4A7C-A175-5020950CC82E}.Release|x64.ActiveCfg = Release|Win32
		{225B5FE3-98A7-4A7C-A175-5020950CC82E}.Release|x86.ActiveCfg = Release|Win32
		{225B5FE3-98A7-4A7C-A175-5020950CC82E}.Release|x86.Build.0 = Release|Win32
		{4548F56D-1EB0-4B76-A35E-F8B74CA9CA6A}.Debug|x64.ActiveCfg = Debug|Win32
		{4548F56D-1EB0-4B76-A35E-F8B74CA9CA6A}.Debug|x86.ActiveCfg = Debug|Win32
		{4548F56D-1EB0-4B76-A35E-F8B74CA9CA6A}.Debug|x86.Build.0 = Debug|Win32
		{4548F56D-1EB0-4B76-A35E-F8B74CA9CA6A}.Release|x64.ActiveCfg = Release|Win32
		{4548F56D-1EB0-4B76-A35E-F8B74CA9CA6A}.Release|x86.ActiveCfg = Release|Win32
		{4548F56D-1EB0-4B76-A35E-F8B74CA9CA6A}.Release|x86.Build.0 = Release|Win32
		{B3A6329A-5269-497B-8343-C883A86AE4CD}.Debug|x64.ActiveCfg = Debug|Win32
		{B3A6329A-5269-497B-8343-C883A86AE4CD}.Debug|x86.ActiveCfg = Debug|Win32
		{B3A6329A-5269-497B-8343-C883A86AE4CD}.Debug|x86.Build.0 = Debug|Win32
		{B3A6329A-5269-497B-8343-C883A86AE4CD}.Release|x64.ActiveCfg = Release|Win32
		{B3A6329A-5269-497B-8343-C883A86AE4CD}.Release|x86.ActiveCfg = Release|Win32
		{B3A6329A-5269-497B-8343-C883A86AE4CD}.Release|x86.Build.0 = Release|Win32
		{A4AC8EC2-9B03-447A-8E8C-AC3F1FB0DA17}.Debug|x64.ActiveCfg = Debug|Win32
		{A4AC8EC2-9B03-447A-8E8C-AC3F1FB0DA17}.Debug|x86.ActiveCfg = Debug|Win32
		{A4AC8EC2-9B03-447A-8E8C-AC3F1FB0DA17}.Debug|x86.Build.0 = Debug|Win32
		{A4AC8EC2-9B03-447A-8E8C-AC3F1FB0DA17}.Release|x64.ActiveCfg = Release|Win32
		{A4AC8EC2-9B03-447A-8E8C-AC3F1FB0DA17}.Release|x86.ActiveCfg = Release|Win32
		{A4AC8EC2-9B03-447A-8E8C-AC3F1FB0DA17}.Release|x86.Build.0 = Release|Win32
		{164B2EAB-14E6-4791-A444-83D5CA71F0A8}.Debug|x64.ActiveCfg = Debug|Win32
		{164B2EAB-14E6-4791-A444-83D5CA71F0A8}.Debug|x86.ActiveCfg = Debug|Win32
		{164B2EAB-14E6-4791-A444-83D5CA71F0A8}.Debug|x86.Build.0 = Debug|Win32
		{164B2EAB-14E6-4791-A444-83D5CA71F0A8}.Release|x64.ActiveCfg = Release|Win32
		{164B2EAB-14E6-4791-A444-83D5CA71F0A8}.Release|x86.ActiveCfg = Release|Win32
		{164B2EAB-14E6-4791-A444-83D5CA71F0A8}.Release|x86.Build.0 = Release|Win32
		{EDCDF17D-3DE5-4CCA-BA23-01FD95831CDE}.Debug|x64.ActiveCfg = Debug|Win32
		{EDCDF17D-3DE5-4CCA-BA23-01FD95831CDE}.Debug|x86.ActiveCfg = Debug|Win32
		{EDCDF17D-3DE5-4CCA-BA23-01FD95831CDE}.Debug|x86.Build.0 = Debug|Win32
		{EDCDF17D-3DE5-4CCA-BA23-01FD95831CDE}.Release|x64.ActiveCfg = Release|Win32
		{EDCDF17D-3DE5-4CCA-BA23-01FD95831CDE}.Release|x86.ActiveCfg = Release|Win32
		{EDCDF17D-3DE5-4CCA-BA23-01FD95831CDE}.Release|x86.Build.0 = Release|Win32
		{B42B4799-4DCA-42DE-989A-7697363310A2}.Debug|x64.ActiveCfg = Debug|Win32
		{B42B4799-4DCA-42DE-989A-7697363310A2}.Debug|x86.ActiveCfg = Debug|Win32
		{B42B4799-4DCA-42DE-989A-7697363310A2}.Debug|x86.Build.0 = Debug|Win32
		{B42B4799-4DCA-42DE-989A-7697363310A2}.Release|x64.ActiveCfg = Release|Win32
		{B42B4799-4DCA-42DE-989A-7697363310A2}.Release|x86.ActiveCfg = Release|Win32
		{B42B4799-4DCA-42DE-989A-7697363310A2}.Release|x86.Build.0 = Release|Win32
		{AF5A325A-2C81-4D31-9327-13428AFEC253}.Debug|x64.ActiveCfg = Debug|Win32
		{AF5A325A-2C81-4D31-9327-13428AFEC253}.Debug|x86.ActiveCfg = Debug|Win32
		{AF5A325A-2C81-4D31-9327-13428AFEC253}.Debug|x86.Build.0 = Debug|Win32
		{AF5A325A-2C81-4D31-9327-13428AFEC253}.Release|x64.ActiveCfg = Release|Win32
		{AF5A325A-2C81-4D31-9327-13428AFEC253}.Release|x86.ActiveCfg = Release|Win32
		{AF5A325A-2C81-4D31-9327-13428AFEC253}.Release|x86.Build.0 = Release|Win32
		{63AE6744-114B-4E39-9BD0-949AFAFF5F6C}.Debug|x64.ActiveCfg = Debug|Win32
		{63AE6744-114B-4E39-9BD0-949AFAFF5F6C}.Debug|x86.ActiveCfg = Debug|Win32
		{63AE6744-114B-4E39-9BD0-949AFAFF5F6C}.Debug|x86.Build.0 = Debug|Win32
		{63AE6744-114B-4E39-9BD0-949AFAFF5F6C}.Release|x64.ActiveCfg = Release|Win32
		{63AE6744-114B-4E39-9BD0-949AFAFF5F6C}.Release|x86.ActiveCfg = Release|Win32
		{63AE6744-114B-4E39-9BD0-949AFAFF5F6C}.Release|x86.Build.0 = Release|Win32
		{40E2C095-8134-44D9-BDA6-9FE4E4D46146}.Debug|x64.ActiveCfg = Debug|Win32
		{40E2C095-8134-44D9-BDA6-9FE4E4D46146}.Debug|x86.ActiveCfg = Debug|Win32
		{40E2C095-8134-44D9-BDA6-9FE4E4D46146}.Debug|x86.Build.0 = Debug|Win32
		{40E2C095-8134-44D9-BDA6-9FE4E4D46146}.Release|x64.ActiveCfg = Release|Win32
		{40E2C095-8134-44D9-BDA6-9FE4E4D46146}.Release|x86.ActiveCfg = Release|Win32
		{40E2C095-8134-44D9-BDA6-9FE4E4D46146}.Release|x86.Build.0 = Release|Win32
		{8CFA3A5D-3305-4696-8821-67EF609B066C}.Debug|x64.ActiveCfg = Debug|Win32
		{8CFA3A5D-3305-4696-8821-67EF609B066C}.Debug|x86.ActiveCfg = Debug|Win32
		{8CFA3A5D-3305-4696-8821-67EF609B066C}.Debug|x86.Build.0 = Debug|Win32
		{8CFA3A5D-3305-4696-8821-67EF609B066C}.Release|x64.ActiveCfg = Release|Win32
		{8CFA3A5D-3305-4696-8821-67EF609B066C}.Release|x86.ActiveCfg = Release|Win32
		{8CFA3A5D-3305-4696-8821-67EF609B066C}.Release|x86.Build.0 = Release|Win32
		{6952DB73-5B64-447B-BB29-9CFCBA251939}.Debug|x64.ActiveCfg = Debug|Win32
		{6952DB73-5B64-447B-BB29-9CFCBA251939}.Debug|x86.ActiveCfg = Debug|Win32
		{6952DB73-5B64-447B-BB29-9CFCBA251939}.Debug|x86.Build.0 = Debug|Win32
		{6952DB73-5B64-447B-BB29-9CFCBA251939}.Release|x64.ActiveCfg = Release|Win32
		{6952DB73-5B64-447B-BB29-9CFCBA251939}.Release|x86.ActiveCfg = Release|Win32
		{6952DB73-5B64-447B-BB29-9CFCBA251939}.Release|x86.Build.0 = Release|Win32
		{911B28F4-3CDF-4E30-AE0E-C6603F8563CA}.Debug|x64.ActiveCfg = Debug|Win32
		{911B28F4-3CDF-4E30-AE0E-C6603F8563CA}.Debug|x86.ActiveCfg = Debug|Win32
		{911B28F4-3CDF-4E30-AE0E-C6603F8563CA}.Debug|x86.Build.0 = Debug|Win32
		{911B28F4-3CDF-4E30-AE0E-C6603F8563CA}.Release|x64.ActiveCfg = Release|Win32
		{911B28F4-3CDF-4E30-AE0E-C6603F8563CA}.Release|x86.ActiveCfg = Release|Win32
		{911B28F4-3CDF-4E30-AE0E-C6603F8563CA}.Release|x86.Build.0 = Release|Win32
		{EA5CC1C1-7C7B-4059-B2F6-1A80E4961588}.Debug|x64.ActiveCfg = Debug|Win32
		{EA5CC1C1-7C7B-4059-B2F6-1A80E4961588}.Debug|x86.ActiveCfg = Debug|Win32
		{EA5CC1C1-7C7B-4059-B2F6-1A80E4961588}.Debug|x86.Build.0 = Debug|Win32
		{EA5CC1C1-7C7B-4059-B2F6-1A80E4961588}.Release|x64.ActiveCfg = Release|Win32
		{EA5CC1C1-7C7B-4059-B2F6-1A80E4961588}.Release|x86.ActiveCfg = Release|Win32
		{EA5CC1C1-7C7B-4059-B2F6-1A80E4961588}.Release|x86.Build.0 = Release|Win32
		{BD62C582-431B-4112-9CAE-953D92B1CE55}.Debug|x64.ActiveCfg = Debug|Win32
		{BD62C582-431B-4112-9CAE-953D92B1CE55}.Debug|x86.ActiveCfg = Debug|Win32
		{BD62C582-431B-4112-9CAE-953D92B1CE55}.Debug|x86.Build.0 = Debug|Win32
		{BD62C582-431B-4112-9CAE-953D92B1CE55}.Release|x64.ActiveCfg = Release|Win32
		{BD62C582-431B-4112-9CAE-953D92B1CE55}.Release|x86.ActiveCfg = Release|Win32
		{BD62C582-431B-4112-9CAE-953D92B1CE55}.Release|x86.Build.0 = Release|Win32
	EndGlobalSection
	GlobalSection(SolutionProperties) = preSolution
		HideSolutionNode = FALSE
	EndGlobalSection
	GlobalSection(NestedProjects) = preSolution
		{6E59BC6C-93BE-42F4-9289-C67D3914C22D} = {0C75D503-8507-4CD6-8C5F-DC5FE64F0FCC}
		{44759DC5-AF65-4BF0-83C0-2BA90410CF36} = {0C75D503-8507-4CD6-8C5F-DC5FE64F0FCC}
		{1592F743-C6D2-4CD1-B7A6-251760CDD238} = {345964C7-1DE8-4128-9501-330B640C120D}
		{DAD38961-69AB-4F0D-9CC7-7B06BD9C5CC8} = {67E752F3-8CAB-473D-A5D9-A308C94AA8A2}
		{AE5BD3BF-2921-45C8-B5E8-A5829F868FB8} = {67E752F3-8CAB-473D-A5D9-A308C94AA8A2}
		{777DFCE5-74C6-4CBE-B472-40D1C10F4777} = {67E752F3-8CAB-473D-A5D9-A308C94AA8A2}
		{95383D6E-1829-4E45-999E-2613183D0B4F} = {67E752F3-8CAB-473D-A5D9-A308C94AA8A2}
		{8EC39648-B5EF-47BC-BF9E-676A66754528} = {DDE86A6E-4C24-47DB-BADA-A8579AFC6D0A}
		{6458F00D-28C4-407F-8E75-A6FC110D591A} = {DDE86A6E-4C24-47DB-BADA-A8579AFC6D0A}
		{D352A95A-2FF4-48A7-8FC4-71DCDAD85F8D} = {DDE86A6E-4C24-47DB-BADA-A8579AFC6D0A}
		{225B5FE3-98A7-4A7C-A175-5020950CC82E} = {DDE86A6E-4C24-47DB-BADA-A8579AFC6D0A}
		{4548F56D-1EB0-4B76-A35E-F8B74CA9CA6A} = {DDE86A6E-4C24-47DB-BADA-A8579AFC6D0A}
		{B3A6329A-5269-497B-8343-C883A86AE4CD} = {DDE86A6E-4C24-47DB-BADA-A8579AFC6D0A}
		{A4AC8EC2-9B03-447A-8E8C-AC3F1FB0DA17} = {DDE86A6E-4C24-47DB-BADA-A8579AFC6D0A}
		{164B2EAB-14E6-4791-A444-83D5CA71F0A8} = {DDE86A6E-4C24-47DB-BADA-A8579AFC6D0A}
		{EDCDF17D-3DE5-4CCA-BA23-01FD95831CDE} = {DDE86A6E-4C24-47DB-BADA-A8579AFC6D0A}
		{B42B4799-4DCA-42DE-989A-7697363310A2} = {DDE86A6E-4C24-47DB-BADA-A8579AFC6D0A}
		{AF5A325A-2C81-4D31-9327-13428AFEC253} = {DDE86A6E-4C24-47DB-BADA-A8579AFC6D0A}
		{63AE6744-114B-4E39-9BD0-949AFAFF5F6C} = {DDE86A6E-4C24-47DB-BADA-A8579AFC6D0A}
		{40E2C095-8134-44D9-BDA6-9FE4E4D46146} = {DDE86A6E-4C24-47DB-BADA-A8579AFC6D0A}
		{8CFA3A5D-3305-4696-8821-67EF609B066C} = {DDE86A6E-4C24-47DB-BADA-A8579AFC6D0A}
		{6952DB73-5B64-447B-BB29-9CFCBA251939} = {32B1FD01-A506-49DC-B6BA-1F716B8538D0}
		{911B28F4-3CDF-4E30-AE0E-C6603F8563CA} = {32B1FD01-A506-49DC-B6BA-1F716B8538D0}
		{EA5CC1C1-7C7B-4059-B2F6-1A80E4961588} = {32B1FD01-A506-49DC-B6BA-1F716B8538D0}
	EndGlobalSection
	GlobalSection(ExtensibilityGlobals) = postSolution
		SolutionGuid = {9C9A241F-93B2-4CB1-B229-DC1FCBB22308}
	EndGlobalSection
EndGlobal
